// !$*UTF8*$!
{
	archiveVersion = 1;
	classes = {
	};
	objectVersion = 50;
	objects = {

/* Begin PBXBuildFile section */
		47374EFD4488089CA011B9E8 /* Pods_ikon.framework in Frameworks */ = {isa = PBXBuildFile; fileRef = BF5511EE72E638D1EA0EA6A4 /* Pods_ikon.framework */; };
		690E9283213E8D4300DB0BF9 /* GradientView.swift in Sources */ = {isa = PBXBuildFile; fileRef = 690E9282213E8D4200DB0BF9 /* GradientView.swift */; };
		6913A2FE2142B7C300B7A793 /* API+Mantince.swift in Sources */ = {isa = PBXBuildFile; fileRef = 6913A2FD2142B7C100B7A793 /* API+Mantince.swift */; };
		6913A3002142B8E900B7A793 /* maintanceAPI.swift in Sources */ = {isa = PBXBuildFile; fileRef = 6913A2FF2142B8E900B7A793 /* maintanceAPI.swift */; };
		69157E56213C19800091B208 /* placeHolderColor.swift in Sources */ = {isa = PBXBuildFile; fileRef = 69157E55213C19800091B208 /* placeHolderColor.swift */; };
		69157E58213C40FB0091B208 /* MobileRepairVC.swift in Sources */ = {isa = PBXBuildFile; fileRef = 69157E57213C40FB0091B208 /* MobileRepairVC.swift */; };
		69157E5A213C661B0091B208 /* guestVC.swift in Sources */ = {isa = PBXBuildFile; fileRef = 69157E59213C661B0091B208 /* guestVC.swift */; };
		69157E5C213C733E0091B208 /* shopingVC.swift in Sources */ = {isa = PBXBuildFile; fileRef = 69157E5B213C733E0091B208 /* shopingVC.swift */; };
		69157E5E213C73740091B208 /* maintanceVC.swift in Sources */ = {isa = PBXBuildFile; fileRef = 69157E5D213C73740091B208 /* maintanceVC.swift */; };
		6921FD64214F01F100BDC630 /* accessoriesVC.swift in Sources */ = {isa = PBXBuildFile; fileRef = 6921FD63214F01F100BDC630 /* accessoriesVC.swift */; };
		692259B6214139BF00D83D40 /* helper.swift in Sources */ = {isa = PBXBuildFile; fileRef = 692259B5214139BF00D83D40 /* helper.swift */; };
		69429C89214E65A000B93FCF /* phoneVC.swift in Sources */ = {isa = PBXBuildFile; fileRef = 69429C88214E65A000B93FCF /* phoneVC.swift */; };
		69429C8B214E65FF00B93FCF /* API+Phones.swift in Sources */ = {isa = PBXBuildFile; fileRef = 69429C8A214E65FF00B93FCF /* API+Phones.swift */; };
		69429C8D214EAD3300B93FCF /* shoping.swift in Sources */ = {isa = PBXBuildFile; fileRef = 69429C8C214EAD3200B93FCF /* shoping.swift */; };
		69429C8F214EBC8400B93FCF /* phonesCell.swift in Sources */ = {isa = PBXBuildFile; fileRef = 69429C8E214EBC8400B93FCF /* phonesCell.swift */; };
		69619B66213D3C3B0076B971 /* GuestCollectionViewCell.swift in Sources */ = {isa = PBXBuildFile; fileRef = 69619B65213D3C3B0076B971 /* GuestCollectionViewCell.swift */; };
		69624424214706B900596795 /* API+getPrice.swift in Sources */ = {isa = PBXBuildFile; fileRef = 69624423214706B900596795 /* API+getPrice.swift */; };
		696F59F9213BFC6F007EB59C /* AppDelegate.swift in Sources */ = {isa = PBXBuildFile; fileRef = 696F59F8213BFC6F007EB59C /* AppDelegate.swift */; };
		696F59FE213BFC6F007EB59C /* Main.storyboard in Resources */ = {isa = PBXBuildFile; fileRef = 696F59FC213BFC6F007EB59C /* Main.storyboard */; };
		696F5A03213BFC8D007EB59C /* LaunchScreen.storyboard in Resources */ = {isa = PBXBuildFile; fileRef = 696F5A01213BFC8D007EB59C /* LaunchScreen.storyboard */; };
		696F5A0C213C05E7007EB59C /* mainHomeVC.swift in Sources */ = {isa = PBXBuildFile; fileRef = 696F5A0B213C05E7007EB59C /* mainHomeVC.swift */; };
		696F5A0E213C0618007EB59C /* signInVC.swift in Sources */ = {isa = PBXBuildFile; fileRef = 696F5A0D213C0618007EB59C /* signInVC.swift */; };
		696F5A10213C06B7007EB59C /* signUp.swift in Sources */ = {isa = PBXBuildFile; fileRef = 696F5A0F213C06B7007EB59C /* signUp.swift */; };
		6990F7E0213D778D00FE807D /* maintanceLocationVC.swift in Sources */ = {isa = PBXBuildFile; fileRef = 6990F7DF213D778D00FE807D /* maintanceLocationVC.swift */; };
		699F8487213DB44B00AC7C89 /* SWRevealViewController.m in Sources */ = {isa = PBXBuildFile; fileRef = 699F8486213DB44A00AC7C89 /* SWRevealViewController.m */; };
		699F8489213DCB4000AC7C89 /* Assets.xcassets in Resources */ = {isa = PBXBuildFile; fileRef = 699F8488213DCB3A00AC7C89 /* Assets.xcassets */; };
		69D9073B213EB6BA0030469F /* GoogleService-Info.plist in Resources */ = {isa = PBXBuildFile; fileRef = 69D9073A213EB6B90030469F /* GoogleService-Info.plist */; };
		69D90745213EED550030469F /* showingAlert.swift in Sources */ = {isa = PBXBuildFile; fileRef = 69D90744213EED550030469F /* showingAlert.swift */; };
		69D90748213F19780030469F /* API.swift in Sources */ = {isa = PBXBuildFile; fileRef = 69D90747213F19780030469F /* API.swift */; };
		69D9074A213F26560030469F /* String.swift in Sources */ = {isa = PBXBuildFile; fileRef = 69D90749213F26560030469F /* String.swift */; };
		69D9074D213F2E370030469F /* config.swift in Sources */ = {isa = PBXBuildFile; fileRef = 69D9074C213F2E370030469F /* config.swift */; };
		69D9074F213F30FC0030469F /* emailValidation.swift in Sources */ = {isa = PBXBuildFile; fileRef = 69D9074E213F30FC0030469F /* emailValidation.swift */; };
/* End PBXBuildFile section */

/* Begin PBXFileReference section */
		1594240A850932DA456E1CC0 /* Pods-ikon.debug.xcconfig */ = {isa = PBXFileReference; includeInIndex = 1; lastKnownFileType = text.xcconfig; name = "Pods-ikon.debug.xcconfig"; path = "Pods/Target Support Files/Pods-ikon/Pods-ikon.debug.xcconfig"; sourceTree = "<group>"; };
		690E9282213E8D4200DB0BF9 /* GradientView.swift */ = {isa = PBXFileReference; lastKnownFileType = sourcecode.swift; path = GradientView.swift; sourceTree = "<group>"; };
		6913A2FD2142B7C100B7A793 /* API+Mantince.swift */ = {isa = PBXFileReference; lastKnownFileType = sourcecode.swift; path = "API+Mantince.swift"; sourceTree = "<group>"; };
		6913A2FF2142B8E900B7A793 /* maintanceAPI.swift */ = {isa = PBXFileReference; lastKnownFileType = sourcecode.swift; path = maintanceAPI.swift; sourceTree = "<group>"; };
		69157E55213C19800091B208 /* placeHolderColor.swift */ = {isa = PBXFileReference; lastKnownFileType = sourcecode.swift; path = placeHolderColor.swift; sourceTree = "<group>"; };
		69157E57213C40FB0091B208 /* MobileRepairVC.swift */ = {isa = PBXFileReference; lastKnownFileType = sourcecode.swift; path = MobileRepairVC.swift; sourceTree = "<group>"; };
		69157E59213C661B0091B208 /* guestVC.swift */ = {isa = PBXFileReference; lastKnownFileType = sourcecode.swift; path = guestVC.swift; sourceTree = "<group>"; };
		69157E5B213C733E0091B208 /* shopingVC.swift */ = {isa = PBXFileReference; lastKnownFileType = sourcecode.swift; path = shopingVC.swift; sourceTree = "<group>"; };
		69157E5D213C73740091B208 /* maintanceVC.swift */ = {isa = PBXFileReference; lastKnownFileType = sourcecode.swift; path = maintanceVC.swift; sourceTree = "<group>"; };
		6921FD63214F01F100BDC630 /* accessoriesVC.swift */ = {isa = PBXFileReference; lastKnownFileType = sourcecode.swift; path = accessoriesVC.swift; sourceTree = "<group>"; };
		692259B5214139BF00D83D40 /* helper.swift */ = {isa = PBXFileReference; lastKnownFileType = sourcecode.swift; path = helper.swift; sourceTree = "<group>"; };
		69429C88214E65A000B93FCF /* phoneVC.swift */ = {isa = PBXFileReference; lastKnownFileType = sourcecode.swift; path = phoneVC.swift; sourceTree = "<group>"; };
		69429C8A214E65FF00B93FCF /* API+Phones.swift */ = {isa = PBXFileReference; lastKnownFileType = sourcecode.swift; path = "API+Phones.swift"; sourceTree = "<group>"; };
		69429C8C214EAD3200B93FCF /* shoping.swift */ = {isa = PBXFileReference; lastKnownFileType = sourcecode.swift; path = shoping.swift; sourceTree = "<group>"; };
		69429C8E214EBC8400B93FCF /* phonesCell.swift */ = {isa = PBXFileReference; lastKnownFileType = sourcecode.swift; path = phonesCell.swift; sourceTree = "<group>"; };
		69619B65213D3C3B0076B971 /* GuestCollectionViewCell.swift */ = {isa = PBXFileReference; lastKnownFileType = sourcecode.swift; path = GuestCollectionViewCell.swift; sourceTree = "<group>"; };
		69624423214706B900596795 /* API+getPrice.swift */ = {isa = PBXFileReference; lastKnownFileType = sourcecode.swift; path = "API+getPrice.swift"; sourceTree = "<group>"; };
		696F59F5213BFC6F007EB59C /* ikon.app */ = {isa = PBXFileReference; explicitFileType = wrapper.application; includeInIndex = 0; path = ikon.app; sourceTree = BUILT_PRODUCTS_DIR; };
		696F59F8213BFC6F007EB59C /* AppDelegate.swift */ = {isa = PBXFileReference; lastKnownFileType = sourcecode.swift; path = AppDelegate.swift; sourceTree = "<group>"; };
		696F59FD213BFC6F007EB59C /* Base */ = {isa = PBXFileReference; lastKnownFileType = file.storyboard; name = Base; path = Base.lproj/Main.storyboard; sourceTree = "<group>"; };
		696F5A02213BFC8D007EB59C /* Base */ = {isa = PBXFileReference; lastKnownFileType = file.storyboard; name = Base; path = Base.lproj/LaunchScreen.storyboard; sourceTree = "<group>"; };
		696F5A04213BFC8D007EB59C /* Info.plist */ = {isa = PBXFileReference; lastKnownFileType = text.plist.xml; path = Info.plist; sourceTree = "<group>"; };
		696F5A0B213C05E7007EB59C /* mainHomeVC.swift */ = {isa = PBXFileReference; lastKnownFileType = sourcecode.swift; path = mainHomeVC.swift; sourceTree = "<group>"; };
		696F5A0D213C0618007EB59C /* signInVC.swift */ = {isa = PBXFileReference; lastKnownFileType = sourcecode.swift; path = signInVC.swift; sourceTree = "<group>"; };
		696F5A0F213C06B7007EB59C /* signUp.swift */ = {isa = PBXFileReference; lastKnownFileType = sourcecode.swift; path = signUp.swift; sourceTree = "<group>"; };
		6990F7DF213D778D00FE807D /* maintanceLocationVC.swift */ = {isa = PBXFileReference; lastKnownFileType = sourcecode.swift; path = maintanceLocationVC.swift; sourceTree = "<group>"; };
		699F8484213DB44700AC7C89 /* ikon-Bridging-Header.h */ = {isa = PBXFileReference; lastKnownFileType = sourcecode.c.h; path = "ikon-Bridging-Header.h"; sourceTree = "<group>"; };
		699F8485213DB44A00AC7C89 /* SWRevealViewController.h */ = {isa = PBXFileReference; fileEncoding = 4; lastKnownFileType = sourcecode.c.h; path = SWRevealViewController.h; sourceTree = "<group>"; };
		699F8486213DB44A00AC7C89 /* SWRevealViewController.m */ = {isa = PBXFileReference; fileEncoding = 4; lastKnownFileType = sourcecode.c.objc; path = SWRevealViewController.m; sourceTree = "<group>"; };
		699F8488213DCB3A00AC7C89 /* Assets.xcassets */ = {isa = PBXFileReference; lastKnownFileType = folder.assetcatalog; path = Assets.xcassets; sourceTree = "<group>"; };
		69D9073A213EB6B90030469F /* GoogleService-Info.plist */ = {isa = PBXFileReference; fileEncoding = 4; lastKnownFileType = text.plist.xml; path = "GoogleService-Info.plist"; sourceTree = "<group>"; };
		69D90740213EDF5B0030469F /* FBSDKCoreKit.framework */ = {isa = PBXFileReference; lastKnownFileType = wrapper.framework; name = FBSDKCoreKit.framework; path = "../untitled folder/FacebookSDKs-iOS-4.36.0/FBSDKCoreKit.framework"; sourceTree = "<group>"; };
		69D90741213EDF5B0030469F /* FBSDKLoginKit.framework */ = {isa = PBXFileReference; lastKnownFileType = wrapper.framework; name = FBSDKLoginKit.framework; path = "../untitled folder/FacebookSDKs-iOS-4.36.0/FBSDKLoginKit.framework"; sourceTree = "<group>"; };
		69D90744213EED550030469F /* showingAlert.swift */ = {isa = PBXFileReference; lastKnownFileType = sourcecode.swift; path = showingAlert.swift; sourceTree = "<group>"; };
		69D90747213F19780030469F /* API.swift */ = {isa = PBXFileReference; lastKnownFileType = sourcecode.swift; path = API.swift; sourceTree = "<group>"; };
		69D90749213F26560030469F /* String.swift */ = {isa = PBXFileReference; lastKnownFileType = sourcecode.swift; path = String.swift; sourceTree = "<group>"; };
		69D9074C213F2E370030469F /* config.swift */ = {isa = PBXFileReference; lastKnownFileType = sourcecode.swift; path = config.swift; sourceTree = "<group>"; };
		69D9074E213F30FC0030469F /* emailValidation.swift */ = {isa = PBXFileReference; lastKnownFileType = sourcecode.swift; path = emailValidation.swift; sourceTree = "<group>"; };
		BF5511EE72E638D1EA0EA6A4 /* Pods_ikon.framework */ = {isa = PBXFileReference; explicitFileType = wrapper.framework; includeInIndex = 0; path = Pods_ikon.framework; sourceTree = BUILT_PRODUCTS_DIR; };
		C20DB4413FA5DEA2B7FF867D /* Pods-ikon.release.xcconfig */ = {isa = PBXFileReference; includeInIndex = 1; lastKnownFileType = text.xcconfig; name = "Pods-ikon.release.xcconfig"; path = "Pods/Target Support Files/Pods-ikon/Pods-ikon.release.xcconfig"; sourceTree = "<group>"; };
/* End PBXFileReference section */

/* Begin PBXFrameworksBuildPhase section */
		696F59F2213BFC6F007EB59C /* Frameworks */ = {
			isa = PBXFrameworksBuildPhase;
			buildActionMask = 2147483647;
			files = (
				47374EFD4488089CA011B9E8 /* Pods_ikon.framework in Frameworks */,
			);
			runOnlyForDeploymentPostprocessing = 0;
		};
/* End PBXFrameworksBuildPhase section */

/* Begin PBXGroup section */
		69157E52213C172F0091B208 /* Extension */ = {
			isa = PBXGroup;
			children = (
				69157E55213C19800091B208 /* placeHolderColor.swift */,
				690E9282213E8D4200DB0BF9 /* GradientView.swift */,
				69D90744213EED550030469F /* showingAlert.swift */,
				69D90749213F26560030469F /* String.swift */,
				69D9074E213F30FC0030469F /* emailValidation.swift */,
				692259B5214139BF00D83D40 /* helper.swift */,
			);
			path = Extension;
			sourceTree = "<group>";
		};
		69619B64213D3B840076B971 /* Model */ = {
			isa = PBXGroup;
			children = (
				69619B65213D3C3B0076B971 /* GuestCollectionViewCell.swift */,
				6913A2FF2142B8E900B7A793 /* maintanceAPI.swift */,
				69429C8C214EAD3200B93FCF /* shoping.swift */,
				69429C8E214EBC8400B93FCF /* phonesCell.swift */,
			);
			path = Model;
			sourceTree = "<group>";
		};
		696F59EC213BFC6E007EB59C = {
			isa = PBXGroup;
			children = (
				696F59F7213BFC6F007EB59C /* ikon */,
				696F59F6213BFC6F007EB59C /* Products */,
				AA6A9D518443CB15711B38E1 /* Pods */,
				B2048F6C7C053141BD372F61 /* Frameworks */,
			);
			sourceTree = "<group>";
		};
		696F59F6213BFC6F007EB59C /* Products */ = {
			isa = PBXGroup;
			children = (
				696F59F5213BFC6F007EB59C /* ikon.app */,
			);
			name = Products;
			sourceTree = "<group>";
		};
		696F59F7213BFC6F007EB59C /* ikon */ = {
			isa = PBXGroup;
			children = (
				69D9074B213F2E060030469F /* URLS */,
				69D90746213F194E0030469F /* API */,
				69619B64213D3B840076B971 /* Model */,
				69157E52213C172F0091B208 /* Extension */,
				696F5A0A213C0327007EB59C /* Controller */,
				696F59F8213BFC6F007EB59C /* AppDelegate.swift */,
				696F59FC213BFC6F007EB59C /* Main.storyboard */,
				696F5A01213BFC8D007EB59C /* LaunchScreen.storyboard */,
				696F5A04213BFC8D007EB59C /* Info.plist */,
				69D9073A213EB6B90030469F /* GoogleService-Info.plist */,
				699F8485213DB44A00AC7C89 /* SWRevealViewController.h */,
				699F8486213DB44A00AC7C89 /* SWRevealViewController.m */,
				699F8484213DB44700AC7C89 /* ikon-Bridging-Header.h */,
				699F8488213DCB3A00AC7C89 /* Assets.xcassets */,
			);
			path = ikon;
			sourceTree = "<group>";
		};
		696F5A0A213C0327007EB59C /* Controller */ = {
			isa = PBXGroup;
			children = (
				696F5A0B213C05E7007EB59C /* mainHomeVC.swift */,
				696F5A0D213C0618007EB59C /* signInVC.swift */,
				696F5A0F213C06B7007EB59C /* signUp.swift */,
				69157E57213C40FB0091B208 /* MobileRepairVC.swift */,
				69157E59213C661B0091B208 /* guestVC.swift */,
				69157E5B213C733E0091B208 /* shopingVC.swift */,
				69157E5D213C73740091B208 /* maintanceVC.swift */,
				6990F7DF213D778D00FE807D /* maintanceLocationVC.swift */,
				69429C88214E65A000B93FCF /* phoneVC.swift */,
				6921FD63214F01F100BDC630 /* accessoriesVC.swift */,
			);
			path = Controller;
			sourceTree = "<group>";
		};
		69D90746213F194E0030469F /* API */ = {
			isa = PBXGroup;
			children = (
				69D90747213F19780030469F /* API.swift */,
				6913A2FD2142B7C100B7A793 /* API+Mantince.swift */,
				69624423214706B900596795 /* API+getPrice.swift */,
				69429C8A214E65FF00B93FCF /* API+Phones.swift */,
			);
			path = API;
			sourceTree = "<group>";
		};
		69D9074B213F2E060030469F /* URLS */ = {
			isa = PBXGroup;
			children = (
				69D9074C213F2E370030469F /* config.swift */,
			);
			path = URLS;
			sourceTree = "<group>";
		};
		AA6A9D518443CB15711B38E1 /* Pods */ = {
			isa = PBXGroup;
			children = (
				1594240A850932DA456E1CC0 /* Pods-ikon.debug.xcconfig */,
				C20DB4413FA5DEA2B7FF867D /* Pods-ikon.release.xcconfig */,
			);
			name = Pods;
			sourceTree = "<group>";
		};
		B2048F6C7C053141BD372F61 /* Frameworks */ = {
			isa = PBXGroup;
			children = (
				69D90740213EDF5B0030469F /* FBSDKCoreKit.framework */,
				69D90741213EDF5B0030469F /* FBSDKLoginKit.framework */,
				BF5511EE72E638D1EA0EA6A4 /* Pods_ikon.framework */,
			);
			name = Frameworks;
			sourceTree = "<group>";
		};
/* End PBXGroup section */

/* Begin PBXNativeTarget section */
		696F59F4213BFC6F007EB59C /* ikon */ = {
			isa = PBXNativeTarget;
			buildConfigurationList = 696F5A07213BFC8D007EB59C /* Build configuration list for PBXNativeTarget "ikon" */;
			buildPhases = (
				432994117C4DA81D4D681CD3 /* [CP] Check Pods Manifest.lock */,
				696F59F1213BFC6F007EB59C /* Sources */,
				696F59F2213BFC6F007EB59C /* Frameworks */,
				696F59F3213BFC6F007EB59C /* Resources */,
				7C387336BC8E397050CA3DE0 /* [CP] Embed Pods Frameworks */,
			);
			buildRules = (
			);
			dependencies = (
			);
			name = ikon;
			productName = ikon;
			productReference = 696F59F5213BFC6F007EB59C /* ikon.app */;
			productType = "com.apple.product-type.application";
		};
/* End PBXNativeTarget section */

/* Begin PBXProject section */
		696F59ED213BFC6E007EB59C /* Project object */ = {
			isa = PBXProject;
			attributes = {
				LastSwiftUpdateCheck = 0940;
				LastUpgradeCheck = 0940;
				ORGANIZATIONNAME = FARIDO;
				TargetAttributes = {
					696F59F4213BFC6F007EB59C = {
						CreatedOnToolsVersion = 9.4.1;
						LastSwiftMigration = 0940;
					};
				};
			};
			buildConfigurationList = 696F59F0213BFC6E007EB59C /* Build configuration list for PBXProject "ikon" */;
			compatibilityVersion = "Xcode 9.3";
			developmentRegion = en;
			hasScannedForEncodings = 0;
			knownRegions = (
				en,
				Base,
			);
			mainGroup = 696F59EC213BFC6E007EB59C;
			productRefGroup = 696F59F6213BFC6F007EB59C /* Products */;
			projectDirPath = "";
			projectRoot = "";
			targets = (
				696F59F4213BFC6F007EB59C /* ikon */,
			);
		};
/* End PBXProject section */

/* Begin PBXResourcesBuildPhase section */
		696F59F3213BFC6F007EB59C /* Resources */ = {
			isa = PBXResourcesBuildPhase;
			buildActionMask = 2147483647;
			files = (
				696F5A03213BFC8D007EB59C /* LaunchScreen.storyboard in Resources */,
				69D9073B213EB6BA0030469F /* GoogleService-Info.plist in Resources */,
				699F8489213DCB4000AC7C89 /* Assets.xcassets in Resources */,
				696F59FE213BFC6F007EB59C /* Main.storyboard in Resources */,
			);
			runOnlyForDeploymentPostprocessing = 0;
		};
/* End PBXResourcesBuildPhase section */

/* Begin PBXShellScriptBuildPhase section */
		432994117C4DA81D4D681CD3 /* [CP] Check Pods Manifest.lock */ = {
			isa = PBXShellScriptBuildPhase;
			buildActionMask = 2147483647;
			files = (
			);
			inputPaths = (
				"${PODS_PODFILE_DIR_PATH}/Podfile.lock",
				"${PODS_ROOT}/Manifest.lock",
			);
			name = "[CP] Check Pods Manifest.lock";
			outputPaths = (
				"$(DERIVED_FILE_DIR)/Pods-ikon-checkManifestLockResult.txt",
			);
			runOnlyForDeploymentPostprocessing = 0;
			shellPath = /bin/sh;
			shellScript = "diff \"${PODS_PODFILE_DIR_PATH}/Podfile.lock\" \"${PODS_ROOT}/Manifest.lock\" > /dev/null\nif [ $? != 0 ] ; then\n    # print error to STDERR\n    echo \"error: The sandbox is not in sync with the Podfile.lock. Run 'pod install' or update your CocoaPods installation.\" >&2\n    exit 1\nfi\n# This output is used by Xcode 'outputs' to avoid re-running this script phase.\necho \"SUCCESS\" > \"${SCRIPT_OUTPUT_FILE_0}\"\n";
			showEnvVarsInLog = 0;
		};
		7C387336BC8E397050CA3DE0 /* [CP] Embed Pods Frameworks */ = {
			isa = PBXShellScriptBuildPhase;
			buildActionMask = 2147483647;
			files = (
			);
			inputPaths = (
				"${SRCROOT}/Pods/Target Support Files/Pods-ikon/Pods-ikon-frameworks.sh",
				"${BUILT_PRODUCTS_DIR}/Alamofire/Alamofire.framework",
				"${BUILT_PRODUCTS_DIR}/Kingfisher/Kingfisher.framework",
				"${BUILT_PRODUCTS_DIR}/SwiftyJSON/SwiftyJSON.framework",
			);
			name = "[CP] Embed Pods Frameworks";
			outputPaths = (
				"${TARGET_BUILD_DIR}/${FRAMEWORKS_FOLDER_PATH}/Alamofire.framework",
				"${TARGET_BUILD_DIR}/${FRAMEWORKS_FOLDER_PATH}/Kingfisher.framework",
				"${TARGET_BUILD_DIR}/${FRAMEWORKS_FOLDER_PATH}/SwiftyJSON.framework",
			);
			runOnlyForDeploymentPostprocessing = 0;
			shellPath = /bin/sh;
			shellScript = "\"${SRCROOT}/Pods/Target Support Files/Pods-ikon/Pods-ikon-frameworks.sh\"\n";
			showEnvVarsInLog = 0;
		};
/* End PBXShellScriptBuildPhase section */

/* Begin PBXSourcesBuildPhase section */
		696F59F1213BFC6F007EB59C /* Sources */ = {
			isa = PBXSourcesBuildPhase;
			buildActionMask = 2147483647;
			files = (
				696F5A10213C06B7007EB59C /* signUp.swift in Sources */,
				69157E56213C19800091B208 /* placeHolderColor.swift in Sources */,
				69D9074D213F2E370030469F /* config.swift in Sources */,
				696F5A0C213C05E7007EB59C /* mainHomeVC.swift in Sources */,
				69429C8F214EBC8400B93FCF /* phonesCell.swift in Sources */,
				69157E5C213C733E0091B208 /* shopingVC.swift in Sources */,
				69429C89214E65A000B93FCF /* phoneVC.swift in Sources */,
				6913A2FE2142B7C300B7A793 /* API+Mantince.swift in Sources */,
				69D9074F213F30FC0030469F /* emailValidation.swift in Sources */,
				692259B6214139BF00D83D40 /* helper.swift in Sources */,
				69D90748213F19780030469F /* API.swift in Sources */,
				69157E58213C40FB0091B208 /* MobileRepairVC.swift in Sources */,
				696F5A0E213C0618007EB59C /* signInVC.swift in Sources */,
				69429C8D214EAD3300B93FCF /* shoping.swift in Sources */,
				696F59F9213BFC6F007EB59C /* AppDelegate.swift in Sources */,
				69619B66213D3C3B0076B971 /* GuestCollectionViewCell.swift in Sources */,
				69D90745213EED550030469F /* showingAlert.swift in Sources */,
				6990F7E0213D778D00FE807D /* maintanceLocationVC.swift in Sources */,
				69157E5E213C73740091B208 /* maintanceVC.swift in Sources */,
				690E9283213E8D4300DB0BF9 /* GradientView.swift in Sources */,
				69157E5A213C661B0091B208 /* guestVC.swift in Sources */,
				69D9074A213F26560030469F /* String.swift in Sources */,
				6921FD64214F01F100BDC630 /* accessoriesVC.swift in Sources */,
				6913A3002142B8E900B7A793 /* maintanceAPI.swift in Sources */,
				69429C8B214E65FF00B93FCF /* API+Phones.swift in Sources */,
				699F8487213DB44B00AC7C89 /* SWRevealViewController.m in Sources */,
				69624424214706B900596795 /* API+getPrice.swift in Sources */,
			);
			runOnlyForDeploymentPostprocessing = 0;
		};
/* End PBXSourcesBuildPhase section */

/* Begin PBXVariantGroup section */
		696F59FC213BFC6F007EB59C /* Main.storyboard */ = {
			isa = PBXVariantGroup;
			children = (
				696F59FD213BFC6F007EB59C /* Base */,
			);
			name = Main.storyboard;
			sourceTree = "<group>";
		};
		696F5A01213BFC8D007EB59C /* LaunchScreen.storyboard */ = {
			isa = PBXVariantGroup;
			children = (
				696F5A02213BFC8D007EB59C /* Base */,
			);
			name = LaunchScreen.storyboard;
			sourceTree = "<group>";
		};
/* End PBXVariantGroup section */

/* Begin XCBuildConfiguration section */
		696F5A05213BFC8D007EB59C /* Debug */ = {
			isa = XCBuildConfiguration;
			buildSettings = {
				ALWAYS_SEARCH_USER_PATHS = NO;
				CLANG_ANALYZER_NONNULL = YES;
				CLANG_ANALYZER_NUMBER_OBJECT_CONVERSION = YES_AGGRESSIVE;
				CLANG_CXX_LANGUAGE_STANDARD = "gnu++14";
				CLANG_CXX_LIBRARY = "libc++";
				CLANG_ENABLE_MODULES = YES;
				CLANG_ENABLE_OBJC_ARC = YES;
				CLANG_ENABLE_OBJC_WEAK = YES;
				CLANG_WARN_BLOCK_CAPTURE_AUTORELEASING = YES;
				CLANG_WARN_BOOL_CONVERSION = YES;
				CLANG_WARN_COMMA = YES;
				CLANG_WARN_CONSTANT_CONVERSION = YES;
				CLANG_WARN_DEPRECATED_OBJC_IMPLEMENTATIONS = YES;
				CLANG_WARN_DIRECT_OBJC_ISA_USAGE = YES_ERROR;
				CLANG_WARN_DOCUMENTATION_COMMENTS = YES;
				CLANG_WARN_EMPTY_BODY = YES;
				CLANG_WARN_ENUM_CONVERSION = YES;
				CLANG_WARN_INFINITE_RECURSION = YES;
				CLANG_WARN_INT_CONVERSION = YES;
				CLANG_WARN_NON_LITERAL_NULL_CONVERSION = YES;
				CLANG_WARN_OBJC_IMPLICIT_RETAIN_SELF = YES;
				CLANG_WARN_OBJC_LITERAL_CONVERSION = YES;
				CLANG_WARN_OBJC_ROOT_CLASS = YES_ERROR;
				CLANG_WARN_RANGE_LOOP_ANALYSIS = YES;
				CLANG_WARN_STRICT_PROTOTYPES = YES;
				CLANG_WARN_SUSPICIOUS_MOVE = YES;
				CLANG_WARN_UNGUARDED_AVAILABILITY = YES_AGGRESSIVE;
				CLANG_WARN_UNREACHABLE_CODE = YES;
				CLANG_WARN__DUPLICATE_METHOD_MATCH = YES;
				CODE_SIGN_IDENTITY = "iPhone Developer";
				COPY_PHASE_STRIP = NO;
				DEBUG_INFORMATION_FORMAT = dwarf;
				ENABLE_STRICT_OBJC_MSGSEND = YES;
				ENABLE_TESTABILITY = YES;
				GCC_C_LANGUAGE_STANDARD = gnu11;
				GCC_DYNAMIC_NO_PIC = NO;
				GCC_NO_COMMON_BLOCKS = YES;
				GCC_OPTIMIZATION_LEVEL = 0;
				GCC_PREPROCESSOR_DEFINITIONS = (
					"DEBUG=1",
					"$(inherited)",
				);
				GCC_WARN_64_TO_32_BIT_CONVERSION = YES;
				GCC_WARN_ABOUT_RETURN_TYPE = YES_ERROR;
				GCC_WARN_UNDECLARED_SELECTOR = YES;
				GCC_WARN_UNINITIALIZED_AUTOS = YES_AGGRESSIVE;
				GCC_WARN_UNUSED_FUNCTION = YES;
				GCC_WARN_UNUSED_VARIABLE = YES;
				IPHONEOS_DEPLOYMENT_TARGET = 11.4;
				MTL_ENABLE_DEBUG_INFO = YES;
				ONLY_ACTIVE_ARCH = YES;
				SDKROOT = iphoneos;
				SWIFT_ACTIVE_COMPILATION_CONDITIONS = DEBUG;
				SWIFT_OPTIMIZATION_LEVEL = "-Onone";
			};
			name = Debug;
		};
		696F5A06213BFC8D007EB59C /* Release */ = {
			isa = XCBuildConfiguration;
			buildSettings = {
				ALWAYS_SEARCH_USER_PATHS = NO;
				CLANG_ANALYZER_NONNULL = YES;
				CLANG_ANALYZER_NUMBER_OBJECT_CONVERSION = YES_AGGRESSIVE;
				CLANG_CXX_LANGUAGE_STANDARD = "gnu++14";
				CLANG_CXX_LIBRARY = "libc++";
				CLANG_ENABLE_MODULES = YES;
				CLANG_ENABLE_OBJC_ARC = YES;
				CLANG_ENABLE_OBJC_WEAK = YES;
				CLANG_WARN_BLOCK_CAPTURE_AUTORELEASING = YES;
				CLANG_WARN_BOOL_CONVERSION = YES;
				CLANG_WARN_COMMA = YES;
				CLANG_WARN_CONSTANT_CONVERSION = YES;
				CLANG_WARN_DEPRECATED_OBJC_IMPLEMENTATIONS = YES;
				CLANG_WARN_DIRECT_OBJC_ISA_USAGE = YES_ERROR;
				CLANG_WARN_DOCUMENTATION_COMMENTS = YES;
				CLANG_WARN_EMPTY_BODY = YES;
				CLANG_WARN_ENUM_CONVERSION = YES;
				CLANG_WARN_INFINITE_RECURSION = YES;
				CLANG_WARN_INT_CONVERSION = YES;
				CLANG_WARN_NON_LITERAL_NULL_CONVERSION = YES;
				CLANG_WARN_OBJC_IMPLICIT_RETAIN_SELF = YES;
				CLANG_WARN_OBJC_LITERAL_CONVERSION = YES;
				CLANG_WARN_OBJC_ROOT_CLASS = YES_ERROR;
				CLANG_WARN_RANGE_LOOP_ANALYSIS = YES;
				CLANG_WARN_STRICT_PROTOTYPES = YES;
				CLANG_WARN_SUSPICIOUS_MOVE = YES;
				CLANG_WARN_UNGUARDED_AVAILABILITY = YES_AGGRESSIVE;
				CLANG_WARN_UNREACHABLE_CODE = YES;
				CLANG_WARN__DUPLICATE_METHOD_MATCH = YES;
				CODE_SIGN_IDENTITY = "iPhone Developer";
				COPY_PHASE_STRIP = NO;
				DEBUG_INFORMATION_FORMAT = "dwarf-with-dsym";
				ENABLE_NS_ASSERTIONS = NO;
				ENABLE_STRICT_OBJC_MSGSEND = YES;
				GCC_C_LANGUAGE_STANDARD = gnu11;
				GCC_NO_COMMON_BLOCKS = YES;
				GCC_WARN_64_TO_32_BIT_CONVERSION = YES;
				GCC_WARN_ABOUT_RETURN_TYPE = YES_ERROR;
				GCC_WARN_UNDECLARED_SELECTOR = YES;
				GCC_WARN_UNINITIALIZED_AUTOS = YES_AGGRESSIVE;
				GCC_WARN_UNUSED_FUNCTION = YES;
				GCC_WARN_UNUSED_VARIABLE = YES;
				IPHONEOS_DEPLOYMENT_TARGET = 11.4;
				MTL_ENABLE_DEBUG_INFO = NO;
				SDKROOT = iphoneos;
				SWIFT_COMPILATION_MODE = wholemodule;
				SWIFT_OPTIMIZATION_LEVEL = "-O";
				VALIDATE_PRODUCT = YES;
			};
			name = Release;
		};
		696F5A08213BFC8D007EB59C /* Debug */ = {
			isa = XCBuildConfiguration;
			baseConfigurationReference = 1594240A850932DA456E1CC0 /* Pods-ikon.debug.xcconfig */;
			buildSettings = {
				ASSETCATALOG_COMPILER_APPICON_NAME = AppIcon;
				CLANG_ENABLE_MODULES = YES;
				CODE_SIGN_STYLE = Automatic;
				FRAMEWORK_SEARCH_PATHS = (
					"$(inherited)",
					"$(PROJECT_DIR)/ikon",
				);
				INFOPLIST_FILE = ikon/Info.plist;
				LD_RUNPATH_SEARCH_PATHS = (
					"$(inherited)",
					"@executable_path/Frameworks",
				);
				PRODUCT_BUNDLE_IDENTIFIER = com.farid.Mohar.ikon;
				PRODUCT_NAME = "$(TARGET_NAME)";
				SWIFT_OBJC_BRIDGING_HEADER = "ikon/ikon-Bridging-Header.h";
				SWIFT_OPTIMIZATION_LEVEL = "-Onone";
				SWIFT_VERSION = 4.0;
				TARGETED_DEVICE_FAMILY = "1,2";
			};
			name = Debug;
		};
		696F5A09213BFC8D007EB59C /* Release */ = {
			isa = XCBuildConfiguration;
			baseConfigurationReference = C20DB4413FA5DEA2B7FF867D /* Pods-ikon.release.xcconfig */;
			buildSettings = {
				ASSETCATALOG_COMPILER_APPICON_NAME = AppIcon;
				CLANG_ENABLE_MODULES = YES;
				CODE_SIGN_STYLE = Automatic;
				FRAMEWORK_SEARCH_PATHS = (
					"$(inherited)",
					"$(PROJECT_DIR)/ikon",
				);
				INFOPLIST_FILE = ikon/Info.plist;
				LD_RUNPATH_SEARCH_PATHS = (
					"$(inherited)",
					"@executable_path/Frameworks",
				);
				PRODUCT_BUNDLE_IDENTIFIER = com.farid.Mohar.ikon;
				PRODUCT_NAME = "$(TARGET_NAME)";
				SWIFT_OBJC_BRIDGING_HEADER = "ikon/ikon-Bridging-Header.h";
				SWIFT_VERSION = 4.0;
				TARGETED_DEVICE_FAMILY = "1,2";
			};
			name = Release;
		};
/* End XCBuildConfiguration section */

/* Begin XCConfigurationList section */
		696F59F0213BFC6E007EB59C /* Build configuration list for PBXProject "ikon" */ = {
			isa = XCConfigurationList;
			buildConfigurations = (
				696F5A05213BFC8D007EB59C /* Debug */,
				696F5A06213BFC8D007EB59C /* Release */,
			);
			defaultConfigurationIsVisible = 0;
			defaultConfigurationName = Release;
		};
		696F5A07213BFC8D007EB59C /* Build configuration list for PBXNativeTarget "ikon" */ = {
			isa = XCConfigurationList;
			buildConfigurations = (
				696F5A08213BFC8D007EB59C /* Debug */,
				696F5A09213BFC8D007EB59C /* Release */,
			);
			defaultConfigurationIsVisible = 0;
			defaultConfigurationName = Release;
		};
/* End XCConfigurationList section */
	};
	rootObject = 696F59ED213BFC6E007EB59C /* Project object */;
}
